
Microsoft Visual Studio Solution File, Format Version 12.00
# Visual Studio Version 16
VisualStudioVersion = 16.0.32228.343
MinimumVisualStudioVersion = 10.0.40219.1
Project("{FAE04EC0-301F-11D3-BF4B-00C04F79EFBC}") = "OpencartTesting", "OpencartTesting\OpencartTesting.csproj", "{2C675C71-99C5-4BBA-8626-6C71350B4A55}"
EndProject
Global
	GlobalSection(SolutionConfigurationPlatforms) = preSolution
		Debug|Any CPU = Debug|Any CPU
		Release|Any CPU = Release|Any CPU
	EndGlobalSection
	GlobalSection(ProjectConfigurationPlatforms) = postSolution
		{2C675C71-99C5-4BBA-8626-6C71350B4A55}.Debug|Any CPU.ActiveCfg = Debug|Any CPU
		{2C675C71-99C5-4BBA-8626-6C71350B4A55}.Debug|Any CPU.Build.0 = Debug|Any CPU
		{2C675C71-99C5-4BBA-8626-6C71350B4A55}.Release|Any CPU.ActiveCfg = Release|Any CPU
		{2C675C71-99C5-4BBA-8626-6C71350B4A55}.Release|Any CPU.Build.0 = Release|Any CPU
	EndGlobalSection
	GlobalSection(SolutionProperties) = preSolution
		HideSolutionNode = FALSE
	EndGlobalSection
	GlobalSection(ExtensibilityGlobals) = postSolution
		SolutionGuid = {113F7B67-1D8F-499F-AD1B-83DB5FD19FBA}
	EndGlobalSection
EndGlobal
